
Microsoft Visual Studio Solution File, Format Version 12.00
# Visual Studio Version 17
VisualStudioVersion = 17.6.33829.357
MinimumVisualStudioVersion = 10.0.40219.1
Project("{FAE04EC0-301F-11D3-BF4B-00C04F79EFBC}") = "monogame part 1", "monogame part 1.csproj", "{ADEB4E79-1250-4A1C-B107-529BD3F70AF3}"
EndProject
Global
	GlobalSection(SolutionConfigurationPlatforms) = preSolution
		Debug|Any CPU = Debug|Any CPU
		Release|Any CPU = Release|Any CPU
	EndGlobalSection
	GlobalSection(ProjectConfigurationPlatforms) = postSolution
		{ADEB4E79-1250-4A1C-B107-529BD3F70AF3}.Debug|Any CPU.ActiveCfg = Debug|Any CPU
		{ADEB4E79-1250-4A1C-B107-529BD3F70AF3}.Debug|Any CPU.Build.0 = Debug|Any CPU
		{ADEB4E79-1250-4A1C-B107-529BD3F70AF3}.Release|Any CPU.ActiveCfg = Release|Any CPU
		{ADEB4E79-1250-4A1C-B107-529BD3F70AF3}.Release|Any CPU.Build.0 = Release|Any CPU
	EndGlobalSection
	GlobalSection(SolutionProperties) = preSolution
		HideSolutionNode = FALSE
	EndGlobalSection
	GlobalSection(ExtensibilityGlobals) = postSolution
		SolutionGuid = {EBB24503-ABB7-4E99-B53E-226DD6B8A0D7}
	EndGlobalSection
EndGlobal
